Microsoft Visual Studio Solution File, Format Version 11.00
# Visual Studio 2008

Project("{5AA2799C-D809-1F93-7AA2-086FED7A2823}") = "firstAttackSamurai", "Assembly-CSharp.csproj", "{C69C5B85-4A85-90DB-CCBC-52B15926A379}"
EndProject
Global
	GlobalSection(SolutionConfigurationPlatforms) = preSolution
		Debug|Any CPU = Debug|Any CPU
		Release|Any CPU = Release|Any CPU
	EndGlobalSection
	GlobalSection(ProjectConfigurationPlatforms) = postSolution
		{C69C5B85-4A85-90DB-CCBC-52B15926A379}.Debug|Any CPU.ActiveCfg = Debug|Any CPU
		{C69C5B85-4A85-90DB-CCBC-52B15926A379}.Debug|Any CPU.Build.0 = Debug|Any CPU
		{C69C5B85-4A85-90DB-CCBC-52B15926A379}.Release|Any CPU.ActiveCfg = Release|Any CPU
		{C69C5B85-4A85-90DB-CCBC-52B15926A379}.Release|Any CPU.Build.0 = Release|Any CPU
	EndGlobalSection
	GlobalSection(SolutionProperties) = preSolution
		HideSolutionNode = FALSE
	EndGlobalSection
	GlobalSection(MonoDevelopProperties) = preSolution
		StartupItem = Assembly-CSharp.csproj
	EndGlobalSection
EndGlobal
